// !$*UTF8*$!
{
	archiveVersion = 1;
	classes = {
	};
	objectVersion = 56;
	objects = {

/* Begin PBXBuildFile section */
		D9091B152B76B90800F0ADCF /* Swinject in Frameworks */ = {isa = PBXBuildFile; productRef = D9091B142B76B90800F0ADCF /* Swinject */; };
		D9091B192B76C63100F0ADCF /* GetPlantsUC.swift in Sources */ = {isa = PBXBuildFile; fileRef = D9091B182B76C63100F0ADCF /* GetPlantsUC.swift */; };
		D9091B1C2B76EF3000F0ADCF /* Realm in Frameworks */ = {isa = PBXBuildFile; productRef = D9091B1B2B76EF3000F0ADCF /* Realm */; };
		D9091B1E2B7A47B600F0ADCF /* PlantLS.swift in Sources */ = {isa = PBXBuildFile; fileRef = D9091B1D2B7A47B600F0ADCF /* PlantLS.swift */; };
		D9091B202B7A47F500F0ADCF /* RealmSwift in Frameworks */ = {isa = PBXBuildFile; productRef = D9091B1F2B7A47F500F0ADCF /* RealmSwift */; };
		D9091B262B7E6A1300F0ADCF /* Color.swift in Sources */ = {isa = PBXBuildFile; fileRef = D9091B252B7E6A1300F0ADCF /* Color.swift */; };
		D9135E502B768D1700CBD622 /* PlantsListVM.swift in Sources */ = {isa = PBXBuildFile; fileRef = D9135E4F2B768D1700CBD622 /* PlantsListVM.swift */; };
		D9135E522B768D3400CBD622 /* PlantsRepository.swift in Sources */ = {isa = PBXBuildFile; fileRef = D9135E512B768D3400CBD622 /* PlantsRepository.swift */; };
		D9135E542B768D4B00CBD622 /* LocalSource.swift in Sources */ = {isa = PBXBuildFile; fileRef = D9135E532B768D4B00CBD622 /* LocalSource.swift */; };
		D9135E562B769B0400CBD622 /* AppContainer.swift in Sources */ = {isa = PBXBuildFile; fileRef = D9135E552B769B0400CBD622 /* AppContainer.swift */; };
		D914CC402B8FBFC800D53B42 /* FavoriteListVM.swift in Sources */ = {isa = PBXBuildFile; fileRef = D914CC3F2B8FBFC800D53B42 /* FavoriteListVM.swift */; };
		D914CC422B8FBFE300D53B42 /* FavoriteListRepository.swift in Sources */ = {isa = PBXBuildFile; fileRef = D914CC412B8FBFE300D53B42 /* FavoriteListRepository.swift */; };
		D914CC462B8FE35400D53B42 /* FavoritePlant.swift in Sources */ = {isa = PBXBuildFile; fileRef = D914CC452B8FE35400D53B42 /* FavoritePlant.swift */; };
		D916A5512B84CC9100B0A92B /* Pagination.swift in Sources */ = {isa = PBXBuildFile; fileRef = D916A5502B84CC9100B0A92B /* Pagination.swift */; };
		D916A5532B8CE89400B0A92B /* Extension.swift in Sources */ = {isa = PBXBuildFile; fileRef = D916A5522B8CE89400B0A92B /* Extension.swift */; };
		D94644992BCD78BC0029A6F5 /* Boska-Variable.ttf in Resources */ = {isa = PBXBuildFile; fileRef = D94644972BCD78BC0029A6F5 /* Boska-Variable.ttf */; };
		D946449A2BCD78BC0029A6F5 /* Boska-VariableItalic.ttf in Resources */ = {isa = PBXBuildFile; fileRef = D94644982BCD78BC0029A6F5 /* Boska-VariableItalic.ttf */; };
		D94644A22BCD8FC30029A6F5 /* ClashDisplay-Variable.ttf in Resources */ = {isa = PBXBuildFile; fileRef = D94644A12BCD8FC30029A6F5 /* ClashDisplay-Variable.ttf */; };
		D94644A52BCE72330029A6F5 /* GetFavPlantsUC.swift in Sources */ = {isa = PBXBuildFile; fileRef = D94644A42BCE72330029A6F5 /* GetFavPlantsUC.swift */; };
		D95C8C1E2B73ECC3004C6929 /* GreenhouseApp.swift in Sources */ = {isa = PBXBuildFile; fileRef = D95C8C1D2B73ECC3004C6929 /* GreenhouseApp.swift */; };
		D95C8C202B73ECC3004C6929 /* ContentView.swift in Sources */ = {isa = PBXBuildFile; fileRef = D95C8C1F2B73ECC3004C6929 /* ContentView.swift */; };
		D95C8C222B73ECC5004C6929 /* Assets.xcassets in Resources */ = {isa = PBXBuildFile; fileRef = D95C8C212B73ECC5004C6929 /* Assets.xcassets */; };
		D95C8C262B73ECC5004C6929 /* Preview Assets.xcassets in Resources */ = {isa = PBXBuildFile; fileRef = D95C8C252B73ECC5004C6929 /* Preview Assets.xcassets */; };
		D95C8C302B73ECC6004C6929 /* GreenhouseTests.swift in Sources */ = {isa = PBXBuildFile; fileRef = D95C8C2F2B73ECC6004C6929 /* GreenhouseTests.swift */; };
		D95C8C3A2B73ECC6004C6929 /* GreenhouseUITests.swift in Sources */ = {isa = PBXBuildFile; fileRef = D95C8C392B73ECC6004C6929 /* GreenhouseUITests.swift */; };
		D95C8C3C2B73ECC6004C6929 /* GreenhouseUITestsLaunchTests.swift in Sources */ = {isa = PBXBuildFile; fileRef = D95C8C3B2B73ECC6004C6929 /* GreenhouseUITestsLaunchTests.swift */; };
		D95C8C492B740D01004C6929 /* MainScreen.swift in Sources */ = {isa = PBXBuildFile; fileRef = D95C8C482B740D01004C6929 /* MainScreen.swift */; };
		D95C8C4B2B754182004C6929 /* PlantsListScreen.swift in Sources */ = {isa = PBXBuildFile; fileRef = D95C8C4A2B754182004C6929 /* PlantsListScreen.swift */; };
		D95C8C4D2B75419F004C6929 /* FavoriteListScreen.swift in Sources */ = {isa = PBXBuildFile; fileRef = D95C8C4C2B75419F004C6929 /* FavoriteListScreen.swift */; };
		D95C8C562B754C1A004C6929 /* RemouteSource.swift in Sources */ = {isa = PBXBuildFile; fileRef = D95C8C552B754C1A004C6929 /* RemouteSource.swift */; };
		D95C8C5B2B754DF0004C6929 /* Alamofire in Frameworks */ = {isa = PBXBuildFile; productRef = D95C8C5A2B754DF0004C6929 /* Alamofire */; };
		D95C8C5D2B755C4F004C6929 /* ApiPlants.swift in Sources */ = {isa = PBXBuildFile; fileRef = D95C8C5C2B755C4F004C6929 /* ApiPlants.swift */; };
		D9C131982B977B9500618DED /* UIPlant.swift in Sources */ = {isa = PBXBuildFile; fileRef = D9C131972B977B9500618DED /* UIPlant.swift */; };
		D9C1319A2B97800D00618DED /* PlantDetailScreen.swift in Sources */ = {isa = PBXBuildFile; fileRef = D9C131992B97800D00618DED /* PlantDetailScreen.swift */; };
		D9C1319C2B9FCAD000618DED /* SearchPlantsRepository.swift in Sources */ = {isa = PBXBuildFile; fileRef = D9C1319B2B9FCAD000618DED /* SearchPlantsRepository.swift */; };
		D9C1319E2B9FCC1700618DED /* GetSearchPlantsUC.swift in Sources */ = {isa = PBXBuildFile; fileRef = D9C1319D2B9FCC1700618DED /* GetSearchPlantsUC.swift */; };
		D9C7710B2BC98BDC002CC0C9 /* GetPlantDetailsUC.swift in Sources */ = {isa = PBXBuildFile; fileRef = D9C7710A2BC98BDC002CC0C9 /* GetPlantDetailsUC.swift */; };
		D9C7710D2BC98C42002CC0C9 /* PlantDetailsRepository.swift in Sources */ = {isa = PBXBuildFile; fileRef = D9C7710C2BC98C42002CC0C9 /* PlantDetailsRepository.swift */; };
		D9C7710F2BC9C4AD002CC0C9 /* PlantDetailsVM.swift in Sources */ = {isa = PBXBuildFile; fileRef = D9C7710E2BC9C4AD002CC0C9 /* PlantDetailsVM.swift */; };
/* End PBXBuildFile section */

/* Begin PBXContainerItemProxy section */
		D95C8C2C2B73ECC6004C6929 /* PBXContainerItemProxy */ = {
			isa = PBXContainerItemProxy;
			containerPortal = D95C8C122B73ECC3004C6929 /* Project object */;
			proxyType = 1;
			remoteGlobalIDString = D95C8C192B73ECC3004C6929;
			remoteInfo = Greenhouse;
		};
		D95C8C362B73ECC6004C6929 /* PBXContainerItemProxy */ = {
			isa = PBXContainerItemProxy;
			containerPortal = D95C8C122B73ECC3004C6929 /* Project object */;
			proxyType = 1;
			remoteGlobalIDString = D95C8C192B73ECC3004C6929;
			remoteInfo = Greenhouse;
		};
/* End PBXContainerItemProxy section */

/* Begin PBXFileReference section */
		D9091B182B76C63100F0ADCF /* GetPlantsUC.swift */ = {isa = PBXFileReference; lastKnownFileType = sourcecode.swift; path = GetPlantsUC.swift; sourceTree = "<group>"; };
		D9091B1D2B7A47B600F0ADCF /* PlantLS.swift */ = {isa = PBXFileReference; lastKnownFileType = sourcecode.swift; path = PlantLS.swift; sourceTree = "<group>"; };
		D9091B252B7E6A1300F0ADCF /* Color.swift */ = {isa = PBXFileReference; lastKnownFileType = sourcecode.swift; path = Color.swift; sourceTree = "<group>"; };
		D9135E4F2B768D1700CBD622 /* PlantsListVM.swift */ = {isa = PBXFileReference; lastKnownFileType = sourcecode.swift; path = PlantsListVM.swift; sourceTree = "<group>"; };
		D9135E512B768D3400CBD622 /* PlantsRepository.swift */ = {isa = PBXFileReference; lastKnownFileType = sourcecode.swift; path = PlantsRepository.swift; sourceTree = "<group>"; };
		D9135E532B768D4B00CBD622 /* LocalSource.swift */ = {isa = PBXFileReference; lastKnownFileType = sourcecode.swift; path = LocalSource.swift; sourceTree = "<group>"; };
		D9135E552B769B0400CBD622 /* AppContainer.swift */ = {isa = PBXFileReference; lastKnownFileType = sourcecode.swift; path = AppContainer.swift; sourceTree = "<group>"; };
		D914CC3F2B8FBFC800D53B42 /* FavoriteListVM.swift */ = {isa = PBXFileReference; lastKnownFileType = sourcecode.swift; path = FavoriteListVM.swift; sourceTree = "<group>"; };
		D914CC412B8FBFE300D53B42 /* FavoriteListRepository.swift */ = {isa = PBXFileReference; lastKnownFileType = sourcecode.swift; path = FavoriteListRepository.swift; sourceTree = "<group>"; };
		D914CC452B8FE35400D53B42 /* FavoritePlant.swift */ = {isa = PBXFileReference; lastKnownFileType = sourcecode.swift; path = FavoritePlant.swift; sourceTree = "<group>"; };
		D916A5502B84CC9100B0A92B /* Pagination.swift */ = {isa = PBXFileReference; lastKnownFileType = sourcecode.swift; path = Pagination.swift; sourceTree = "<group>"; };
		D916A5522B8CE89400B0A92B /* Extension.swift */ = {isa = PBXFileReference; lastKnownFileType = sourcecode.swift; path = Extension.swift; sourceTree = "<group>"; };
		D94644972BCD78BC0029A6F5 /* Boska-Variable.ttf */ = {isa = PBXFileReference; lastKnownFileType = file; path = "Boska-Variable.ttf"; sourceTree = "<group>"; };
		D94644982BCD78BC0029A6F5 /* Boska-VariableItalic.ttf */ = {isa = PBXFileReference; lastKnownFileType = file; path = "Boska-VariableItalic.ttf"; sourceTree = "<group>"; };
		D94644A12BCD8FC30029A6F5 /* ClashDisplay-Variable.ttf */ = {isa = PBXFileReference; lastKnownFileType = file; path = "ClashDisplay-Variable.ttf"; sourceTree = "<group>"; };
		D94644A42BCE72330029A6F5 /* GetFavPlantsUC.swift */ = {isa = PBXFileReference; lastKnownFileType = sourcecode.swift; path = GetFavPlantsUC.swift; sourceTree = "<group>"; };
		D95C8C1A2B73ECC3004C6929 /* Greenhouse.app */ = {isa = PBXFileReference; explicitFileType = wrapper.application; includeInIndex = 0; path = Greenhouse.app; sourceTree = BUILT_PRODUCTS_DIR; };
		D95C8C1D2B73ECC3004C6929 /* GreenhouseApp.swift */ = {isa = PBXFileReference; lastKnownFileType = sourcecode.swift; path = GreenhouseApp.swift; sourceTree = "<group>"; };
		D95C8C1F2B73ECC3004C6929 /* ContentView.swift */ = {isa = PBXFileReference; lastKnownFileType = sourcecode.swift; path = ContentView.swift; sourceTree = "<group>"; };
		D95C8C212B73ECC5004C6929 /* Assets.xcassets */ = {isa = PBXFileReference; lastKnownFileType = folder.assetcatalog; path = Assets.xcassets; sourceTree = "<group>"; };
		D95C8C232B73ECC5004C6929 /* Greenhouse.entitlements */ = {isa = PBXFileReference; lastKnownFileType = text.plist.entitlements; path = Greenhouse.entitlements; sourceTree = "<group>"; };
		D95C8C252B73ECC5004C6929 /* Preview Assets.xcassets */ = {isa = PBXFileReference; lastKnownFileType = folder.assetcatalog; path = "Preview Assets.xcassets"; sourceTree = "<group>"; };
		D95C8C2B2B73ECC6004C6929 /* GreenhouseTests.xctest */ = {isa = PBXFileReference; explicitFileType = wrapper.cfbundle; includeInIndex = 0; path = GreenhouseTests.xctest; sourceTree = BUILT_PRODUCTS_DIR; };
		D95C8C2F2B73ECC6004C6929 /* GreenhouseTests.swift */ = {isa = PBXFileReference; lastKnownFileType = sourcecode.swift; path = GreenhouseTests.swift; sourceTree = "<group>"; };
		D95C8C352B73ECC6004C6929 /* GreenhouseUITests.xctest */ = {isa = PBXFileReference; explicitFileType = wrapper.cfbundle; includeInIndex = 0; path = GreenhouseUITests.xctest; sourceTree = BUILT_PRODUCTS_DIR; };
		D95C8C392B73ECC6004C6929 /* GreenhouseUITests.swift */ = {isa = PBXFileReference; lastKnownFileType = sourcecode.swift; path = GreenhouseUITests.swift; sourceTree = "<group>"; };
		D95C8C3B2B73ECC6004C6929 /* GreenhouseUITestsLaunchTests.swift */ = {isa = PBXFileReference; lastKnownFileType = sourcecode.swift; path = GreenhouseUITestsLaunchTests.swift; sourceTree = "<group>"; };
		D95C8C482B740D01004C6929 /* MainScreen.swift */ = {isa = PBXFileReference; lastKnownFileType = sourcecode.swift; path = MainScreen.swift; sourceTree = "<group>"; };
		D95C8C4A2B754182004C6929 /* PlantsListScreen.swift */ = {isa = PBXFileReference; lastKnownFileType = sourcecode.swift; path = PlantsListScreen.swift; sourceTree = "<group>"; };
		D95C8C4C2B75419F004C6929 /* FavoriteListScreen.swift */ = {isa = PBXFileReference; lastKnownFileType = sourcecode.swift; path = FavoriteListScreen.swift; sourceTree = "<group>"; };
		D95C8C552B754C1A004C6929 /* RemouteSource.swift */ = {isa = PBXFileReference; lastKnownFileType = sourcecode.swift; path = RemouteSource.swift; sourceTree = "<group>"; };
		D95C8C572B754C7A004C6929 /* Info.plist */ = {isa = PBXFileReference; lastKnownFileType = text.plist; path = Info.plist; sourceTree = "<group>"; };
		D95C8C5C2B755C4F004C6929 /* ApiPlants.swift */ = {isa = PBXFileReference; lastKnownFileType = sourcecode.swift; path = ApiPlants.swift; sourceTree = "<group>"; };
		D9C131972B977B9500618DED /* UIPlant.swift */ = {isa = PBXFileReference; lastKnownFileType = sourcecode.swift; path = UIPlant.swift; sourceTree = "<group>"; };
		D9C131992B97800D00618DED /* PlantDetailScreen.swift */ = {isa = PBXFileReference; lastKnownFileType = sourcecode.swift; path = PlantDetailScreen.swift; sourceTree = "<group>"; };
		D9C1319B2B9FCAD000618DED /* SearchPlantsRepository.swift */ = {isa = PBXFileReference; lastKnownFileType = sourcecode.swift; path = SearchPlantsRepository.swift; sourceTree = "<group>"; };
		D9C1319D2B9FCC1700618DED /* GetSearchPlantsUC.swift */ = {isa = PBXFileReference; lastKnownFileType = sourcecode.swift; path = GetSearchPlantsUC.swift; sourceTree = "<group>"; };
		D9C7710A2BC98BDC002CC0C9 /* GetPlantDetailsUC.swift */ = {isa = PBXFileReference; lastKnownFileType = sourcecode.swift; path = GetPlantDetailsUC.swift; sourceTree = "<group>"; };
		D9C7710C2BC98C42002CC0C9 /* PlantDetailsRepository.swift */ = {isa = PBXFileReference; lastKnownFileType = sourcecode.swift; path = PlantDetailsRepository.swift; sourceTree = "<group>"; };
		D9C7710E2BC9C4AD002CC0C9 /* PlantDetailsVM.swift */ = {isa = PBXFileReference; lastKnownFileType = sourcecode.swift; path = PlantDetailsVM.swift; sourceTree = "<group>"; };
/* End PBXFileReference section */

/* Begin PBXFrameworksBuildPhase section */
		D95C8C172B73ECC3004C6929 /* Frameworks */ = {
			isa = PBXFrameworksBuildPhase;
			buildActionMask = 2147483647;
			files = (
				D9091B202B7A47F500F0ADCF /* RealmSwift in Frameworks */,
				D9091B1C2B76EF3000F0ADCF /* Realm in Frameworks */,
				D95C8C5B2B754DF0004C6929 /* Alamofire in Frameworks */,
				D9091B152B76B90800F0ADCF /* Swinject in Frameworks */,
			);
			runOnlyForDeploymentPostprocessing = 0;
		};
		D95C8C282B73ECC6004C6929 /* Frameworks */ = {
			isa = PBXFrameworksBuildPhase;
			buildActionMask = 2147483647;
			files = (
			);
			runOnlyForDeploymentPostprocessing = 0;
		};
		D95C8C322B73ECC6004C6929 /* Frameworks */ = {
			isa = PBXFrameworksBuildPhase;
			buildActionMask = 2147483647;
			files = (
			);
			runOnlyForDeploymentPostprocessing = 0;
		};
/* End PBXFrameworksBuildPhase section */

/* Begin PBXGroup section */
		D9091B132B76B90800F0ADCF /* Frameworks */ = {
			isa = PBXGroup;
			children = (
			);
			name = Frameworks;
			sourceTree = "<group>";
		};
		D9091B162B76C60B00F0ADCF /* UseCase */ = {
			isa = PBXGroup;
			children = (
				D9091B182B76C63100F0ADCF /* GetPlantsUC.swift */,
				D9C1319D2B9FCC1700618DED /* GetSearchPlantsUC.swift */,
				D94644A42BCE72330029A6F5 /* GetFavPlantsUC.swift */,
				D9C7710A2BC98BDC002CC0C9 /* GetPlantDetailsUC.swift */,
			);
			path = UseCase;
			sourceTree = "<group>";
		};
		D90F80C62BCD1A7800F15C27 /* fonts */ = {
			isa = PBXGroup;
			children = (
				D94644972BCD78BC0029A6F5 /* Boska-Variable.ttf */,
				D94644A12BCD8FC30029A6F5 /* ClashDisplay-Variable.ttf */,
				D94644982BCD78BC0029A6F5 /* Boska-VariableItalic.ttf */,
			);
			path = fonts;
			sourceTree = "<group>";
		};
		D95C8C112B73ECC3004C6929 = {
			isa = PBXGroup;
			children = (
				D95C8C1C2B73ECC3004C6929 /* Greenhouse */,
				D95C8C2E2B73ECC6004C6929 /* GreenhouseTests */,
				D95C8C382B73ECC6004C6929 /* GreenhouseUITests */,
				D95C8C1B2B73ECC3004C6929 /* Products */,
				D9091B132B76B90800F0ADCF /* Frameworks */,
			);
			sourceTree = "<group>";
		};
		D95C8C1B2B73ECC3004C6929 /* Products */ = {
			isa = PBXGroup;
			children = (
				D95C8C1A2B73ECC3004C6929 /* Greenhouse.app */,
				D95C8C2B2B73ECC6004C6929 /* GreenhouseTests.xctest */,
				D95C8C352B73ECC6004C6929 /* GreenhouseUITests.xctest */,
			);
			name = Products;
			sourceTree = "<group>";
		};
		D95C8C1C2B73ECC3004C6929 /* Greenhouse */ = {
			isa = PBXGroup;
			children = (
				D95C8C572B754C7A004C6929 /* Info.plist */,
				D95C8C1D2B73ECC3004C6929 /* GreenhouseApp.swift */,
				D95C8C4E2B7543BD004C6929 /* UI */,
				D9C131962B967B6700618DED /* Logic */,
				D95C8C212B73ECC5004C6929 /* Assets.xcassets */,
				D95C8C232B73ECC5004C6929 /* Greenhouse.entitlements */,
				D95C8C242B73ECC5004C6929 /* Preview Content */,
			);
			path = Greenhouse;
			sourceTree = "<group>";
		};
		D95C8C242B73ECC5004C6929 /* Preview Content */ = {
			isa = PBXGroup;
			children = (
				D95C8C252B73ECC5004C6929 /* Preview Assets.xcassets */,
			);
			path = "Preview Content";
			sourceTree = "<group>";
		};
		D95C8C2E2B73ECC6004C6929 /* GreenhouseTests */ = {
			isa = PBXGroup;
			children = (
				D95C8C2F2B73ECC6004C6929 /* GreenhouseTests.swift */,
			);
			path = GreenhouseTests;
			sourceTree = "<group>";
		};
		D95C8C382B73ECC6004C6929 /* GreenhouseUITests */ = {
			isa = PBXGroup;
			children = (
				D95C8C392B73ECC6004C6929 /* GreenhouseUITests.swift */,
				D95C8C3B2B73ECC6004C6929 /* GreenhouseUITestsLaunchTests.swift */,
			);
			path = GreenhouseUITests;
			sourceTree = "<group>";
		};
		D95C8C4E2B7543BD004C6929 /* UI */ = {
			isa = PBXGroup;
			children = (
				D95C8C1F2B73ECC3004C6929 /* ContentView.swift */,
				D95C8C4A2B754182004C6929 /* PlantsListScreen.swift */,
				D95C8C482B740D01004C6929 /* MainScreen.swift */,
				D9C131992B97800D00618DED /* PlantDetailScreen.swift */,
				D95C8C4C2B75419F004C6929 /* FavoriteListScreen.swift */,
				D90F80C62BCD1A7800F15C27 /* fonts */,
				D9091B252B7E6A1300F0ADCF /* Color.swift */,
				D916A5522B8CE89400B0A92B /* Extension.swift */,
			);
			path = UI;
			sourceTree = "<group>";
		};
		D95C8C502B7543E6004C6929 /* DI */ = {
			isa = PBXGroup;
			children = (
				D9135E552B769B0400CBD622 /* AppContainer.swift */,
			);
			path = DI;
			sourceTree = "<group>";
		};
		D95C8C512B7543F3004C6929 /* Model */ = {
			isa = PBXGroup;
			children = (
				D95C8C552B754C1A004C6929 /* RemouteSource.swift */,
				D916A5502B84CC9100B0A92B /* Pagination.swift */,
				D9135E532B768D4B00CBD622 /* LocalSource.swift */,
			);
			path = Model;
			sourceTree = "<group>";
		};
		D95C8C522B754407004C6929 /* DTO */ = {
			isa = PBXGroup;
			children = (
				D9091B1D2B7A47B600F0ADCF /* PlantLS.swift */,
				D9C131972B977B9500618DED /* UIPlant.swift */,
				D914CC452B8FE35400D53B42 /* FavoritePlant.swift */,
				D95C8C5C2B755C4F004C6929 /* ApiPlants.swift */,
			);
			path = DTO;
			sourceTree = "<group>";
		};
		D95C8C532B754425004C6929 /* ViewModel */ = {
			isa = PBXGroup;
			children = (
				D9135E4F2B768D1700CBD622 /* PlantsListVM.swift */,
				D914CC3F2B8FBFC800D53B42 /* FavoriteListVM.swift */,
				D9C7710E2BC9C4AD002CC0C9 /* PlantDetailsVM.swift */,
			);
			path = ViewModel;
			sourceTree = "<group>";
		};
		D95C8C542B754616004C6929 /* Repository */ = {
			isa = PBXGroup;
			children = (
				D9135E512B768D3400CBD622 /* PlantsRepository.swift */,
				D9C1319B2B9FCAD000618DED /* SearchPlantsRepository.swift */,
				D914CC412B8FBFE300D53B42 /* FavoriteListRepository.swift */,
				D9C7710C2BC98C42002CC0C9 /* PlantDetailsRepository.swift */,
			);
			path = Repository;
			sourceTree = "<group>";
		};
		D9C131962B967B6700618DED /* Logic */ = {
			isa = PBXGroup;
			children = (
				D95C8C532B754425004C6929 /* ViewModel */,
				D9091B162B76C60B00F0ADCF /* UseCase */,
				D95C8C542B754616004C6929 /* Repository */,
				D95C8C512B7543F3004C6929 /* Model */,
				D95C8C522B754407004C6929 /* DTO */,
				D95C8C502B7543E6004C6929 /* DI */,
			);
			path = Logic;
			sourceTree = "<group>";
		};
/* End PBXGroup section */

/* Begin PBXNativeTarget section */
		D95C8C192B73ECC3004C6929 /* Greenhouse */ = {
			isa = PBXNativeTarget;
			buildConfigurationList = D95C8C3F2B73ECC6004C6929 /* Build configuration list for PBXNativeTarget "Greenhouse" */;
			buildPhases = (
				D95C8C162B73ECC3004C6929 /* Sources */,
				D95C8C172B73ECC3004C6929 /* Frameworks */,
				D95C8C182B73ECC3004C6929 /* Resources */,
			);
			buildRules = (
			);
			dependencies = (
			);
			name = Greenhouse;
			packageProductDependencies = (
				D95C8C5A2B754DF0004C6929 /* Alamofire */,
				D9091B142B76B90800F0ADCF /* Swinject */,
				D9091B1B2B76EF3000F0ADCF /* Realm */,
				D9091B1F2B7A47F500F0ADCF /* RealmSwift */,
			);
			productName = Greenhouse;
			productReference = D95C8C1A2B73ECC3004C6929 /* Greenhouse.app */;
			productType = "com.apple.product-type.application";
		};
		D95C8C2A2B73ECC6004C6929 /* GreenhouseTests */ = {
			isa = PBXNativeTarget;
			buildConfigurationList = D95C8C422B73ECC6004C6929 /* Build configuration list for PBXNativeTarget "GreenhouseTests" */;
			buildPhases = (
				D95C8C272B73ECC6004C6929 /* Sources */,
				D95C8C282B73ECC6004C6929 /* Frameworks */,
				D95C8C292B73ECC6004C6929 /* Resources */,
			);
			buildRules = (
			);
			dependencies = (
				D95C8C2D2B73ECC6004C6929 /* PBXTargetDependency */,
			);
			name = GreenhouseTests;
			productName = GreenhouseTests;
			productReference = D95C8C2B2B73ECC6004C6929 /* GreenhouseTests.xctest */;
			productType = "com.apple.product-type.bundle.unit-test";
		};
		D95C8C342B73ECC6004C6929 /* GreenhouseUITests */ = {
			isa = PBXNativeTarget;
			buildConfigurationList = D95C8C452B73ECC6004C6929 /* Build configuration list for PBXNativeTarget "GreenhouseUITests" */;
			buildPhases = (
				D95C8C312B73ECC6004C6929 /* Sources */,
				D95C8C322B73ECC6004C6929 /* Frameworks */,
				D95C8C332B73ECC6004C6929 /* Resources */,
			);
			buildRules = (
			);
			dependencies = (
				D95C8C372B73ECC6004C6929 /* PBXTargetDependency */,
			);
			name = GreenhouseUITests;
			productName = GreenhouseUITests;
			productReference = D95C8C352B73ECC6004C6929 /* GreenhouseUITests.xctest */;
			productType = "com.apple.product-type.bundle.ui-testing";
		};
/* End PBXNativeTarget section */

/* Begin PBXProject section */
		D95C8C122B73ECC3004C6929 /* Project object */ = {
			isa = PBXProject;
			attributes = {
				BuildIndependentTargetsInParallel = 1;
				LastSwiftUpdateCheck = 1500;
				LastUpgradeCheck = 1500;
				TargetAttributes = {
					D95C8C192B73ECC3004C6929 = {
						CreatedOnToolsVersion = 15.0.1;
					};
					D95C8C2A2B73ECC6004C6929 = {
						CreatedOnToolsVersion = 15.0.1;
						TestTargetID = D95C8C192B73ECC3004C6929;
					};
					D95C8C342B73ECC6004C6929 = {
						CreatedOnToolsVersion = 15.0.1;
						TestTargetID = D95C8C192B73ECC3004C6929;
					};
				};
			};
			buildConfigurationList = D95C8C152B73ECC3004C6929 /* Build configuration list for PBXProject "Greenhouse" */;
			compatibilityVersion = "Xcode 14.0";
			developmentRegion = en;
			hasScannedForEncodings = 0;
			knownRegions = (
				en,
				Base,
			);
			mainGroup = D95C8C112B73ECC3004C6929;
			packageReferences = (
				D95C8C592B754DF0004C6929 /* XCRemoteSwiftPackageReference "Alamofire" */,
				D9135E5B2B76B30F00CBD622 /* XCRemoteSwiftPackageReference "Swinject" */,
				D9091B1A2B76EF0F00F0ADCF /* XCRemoteSwiftPackageReference "realm-swift" */,
			);
			productRefGroup = D95C8C1B2B73ECC3004C6929 /* Products */;
			projectDirPath = "";
			projectRoot = "";
			targets = (
				D95C8C192B73ECC3004C6929 /* Greenhouse */,
				D95C8C2A2B73ECC6004C6929 /* GreenhouseTests */,
				D95C8C342B73ECC6004C6929 /* GreenhouseUITests */,
			);
		};
/* End PBXProject section */

/* Begin PBXResourcesBuildPhase section */
		D95C8C182B73ECC3004C6929 /* Resources */ = {
			isa = PBXResourcesBuildPhase;
			buildActionMask = 2147483647;
			files = (
				D94644992BCD78BC0029A6F5 /* Boska-Variable.ttf in Resources */,
				D946449A2BCD78BC0029A6F5 /* Boska-VariableItalic.ttf in Resources */,
				D94644A22BCD8FC30029A6F5 /* ClashDisplay-Variable.ttf in Resources */,
				D95C8C262B73ECC5004C6929 /* Preview Assets.xcassets in Resources */,
				D95C8C222B73ECC5004C6929 /* Assets.xcassets in Resources */,
			);
			runOnlyForDeploymentPostprocessing = 0;
		};
		D95C8C292B73ECC6004C6929 /* Resources */ = {
			isa = PBXResourcesBuildPhase;
			buildActionMask = 2147483647;
			files = (
			);
			runOnlyForDeploymentPostprocessing = 0;
		};
		D95C8C332B73ECC6004C6929 /* Resources */ = {
			isa = PBXResourcesBuildPhase;
			buildActionMask = 2147483647;
			files = (
			);
			runOnlyForDeploymentPostprocessing = 0;
		};
/* End PBXResourcesBuildPhase section */

/* Begin PBXSourcesBuildPhase section */
		D95C8C162B73ECC3004C6929 /* Sources */ = {
			isa = PBXSourcesBuildPhase;
			buildActionMask = 2147483647;
			files = (
				D9091B1E2B7A47B600F0ADCF /* PlantLS.swift in Sources */,
				D94644A52BCE72330029A6F5 /* GetFavPlantsUC.swift in Sources */,
				D95C8C562B754C1A004C6929 /* RemouteSource.swift in Sources */,
				D95C8C492B740D01004C6929 /* MainScreen.swift in Sources */,
				D95C8C5D2B755C4F004C6929 /* ApiPlants.swift in Sources */,
				D9C1319A2B97800D00618DED /* PlantDetailScreen.swift in Sources */,
				D9C131982B977B9500618DED /* UIPlant.swift in Sources */,
				D9135E522B768D3400CBD622 /* PlantsRepository.swift in Sources */,
				D9091B192B76C63100F0ADCF /* GetPlantsUC.swift in Sources */,
				D95C8C202B73ECC3004C6929 /* ContentView.swift in Sources */,
				D916A5532B8CE89400B0A92B /* Extension.swift in Sources */,
				D95C8C1E2B73ECC3004C6929 /* GreenhouseApp.swift in Sources */,
				D9135E562B769B0400CBD622 /* AppContainer.swift in Sources */,
				D9091B262B7E6A1300F0ADCF /* Color.swift in Sources */,
				D9135E542B768D4B00CBD622 /* LocalSource.swift in Sources */,
				D9C1319C2B9FCAD000618DED /* SearchPlantsRepository.swift in Sources */,
				D9C7710F2BC9C4AD002CC0C9 /* PlantDetailsVM.swift in Sources */,
				D95C8C4B2B754182004C6929 /* PlantsListScreen.swift in Sources */,
				D9135E502B768D1700CBD622 /* PlantsListVM.swift in Sources */,
				D916A5512B84CC9100B0A92B /* Pagination.swift in Sources */,
				D9C1319E2B9FCC1700618DED /* GetSearchPlantsUC.swift in Sources */,
				D9C7710D2BC98C42002CC0C9 /* PlantDetailsRepository.swift in Sources */,
				D95C8C4D2B75419F004C6929 /* FavoriteListScreen.swift in Sources */,
				D914CC462B8FE35400D53B42 /* FavoritePlant.swift in Sources */,
				D914CC402B8FBFC800D53B42 /* FavoriteListVM.swift in Sources */,
				D914CC422B8FBFE300D53B42 /* FavoriteListRepository.swift in Sources */,
				D9C7710B2BC98BDC002CC0C9 /* GetPlantDetailsUC.swift in Sources */,
			);
			runOnlyForDeploymentPostprocessing = 0;
		};
		D95C8C272B73ECC6004C6929 /* Sources */ = {
			isa = PBXSourcesBuildPhase;
			buildActionMask = 2147483647;
			files = (
				D95C8C302B73ECC6004C6929 /* GreenhouseTests.swift in Sources */,
			);
			runOnlyForDeploymentPostprocessing = 0;
		};
		D95C8C312B73ECC6004C6929 /* Sources */ = {
			isa = PBXSourcesBuildPhase;
			buildActionMask = 2147483647;
			files = (
				D95C8C3A2B73ECC6004C6929 /* GreenhouseUITests.swift in Sources */,
				D95C8C3C2B73ECC6004C6929 /* GreenhouseUITestsLaunchTests.swift in Sources */,
			);
			runOnlyForDeploymentPostprocessing = 0;
		};
/* End PBXSourcesBuildPhase section */

/* Begin PBXTargetDependency section */
		D95C8C2D2B73ECC6004C6929 /* PBXTargetDependency */ = {
			isa = PBXTargetDependency;
			target = D95C8C192B73ECC3004C6929 /* Greenhouse */;
			targetProxy = D95C8C2C2B73ECC6004C6929 /* PBXContainerItemProxy */;
		};
		D95C8C372B73ECC6004C6929 /* PBXTargetDependency */ = {
			isa = PBXTargetDependency;
			target = D95C8C192B73ECC3004C6929 /* Greenhouse */;
			targetProxy = D95C8C362B73ECC6004C6929 /* PBXContainerItemProxy */;
		};
/* End PBXTargetDependency section */

/* Begin XCBuildConfiguration section */
		D95C8C3D2B73ECC6004C6929 /* Debug */ = {
			isa = XCBuildConfiguration;
			buildSettings = {
				ALWAYS_SEARCH_USER_PATHS = NO;
				ASSETCATALOG_COMPILER_GENERATE_SWIFT_ASSET_SYMBOL_EXTENSIONS = YES;
				CLANG_ANALYZER_NONNULL = YES;
				CLANG_ANALYZER_NUMBER_OBJECT_CONVERSION = YES_AGGRESSIVE;
				CLANG_CXX_LANGUAGE_STANDARD = "gnu++20";
				CLANG_ENABLE_MODULES = YES;
				CLANG_ENABLE_OBJC_ARC = YES;
				CLANG_ENABLE_OBJC_WEAK = YES;
				CLANG_WARN_BLOCK_CAPTURE_AUTORELEASING = YES;
				CLANG_WARN_BOOL_CONVERSION = YES;
				CLANG_WARN_COMMA = YES;
				CLANG_WARN_CONSTANT_CONVERSION = YES;
				CLANG_WARN_DEPRECATED_OBJC_IMPLEMENTATIONS = YES;
				CLANG_WARN_DIRECT_OBJC_ISA_USAGE = YES_ERROR;
				CLANG_WARN_DOCUMENTATION_COMMENTS = YES;
				CLANG_WARN_EMPTY_BODY = YES;
				CLANG_WARN_ENUM_CONVERSION = YES;
				CLANG_WARN_INFINITE_RECURSION = YES;
				CLANG_WARN_INT_CONVERSION = YES;
				CLANG_WARN_NON_LITERAL_NULL_CONVERSION = YES;
				CLANG_WARN_OBJC_IMPLICIT_RETAIN_SELF = YES;
				CLANG_WARN_OBJC_LITERAL_CONVERSION = YES;
				CLANG_WARN_OBJC_ROOT_CLASS = YES_ERROR;
				CLANG_WARN_QUOTED_INCLUDE_IN_FRAMEWORK_HEADER = YES;
				CLANG_WARN_RANGE_LOOP_ANALYSIS = YES;
				CLANG_WARN_STRICT_PROTOTYPES = YES;
				CLANG_WARN_SUSPICIOUS_MOVE = YES;
				CLANG_WARN_UNGUARDED_AVAILABILITY = YES_AGGRESSIVE;
				CLANG_WARN_UNREACHABLE_CODE = YES;
				CLANG_WARN__DUPLICATE_METHOD_MATCH = YES;
				COPY_PHASE_STRIP = NO;
				DEBUG_INFORMATION_FORMAT = dwarf;
				ENABLE_STRICT_OBJC_MSGSEND = YES;
				ENABLE_TESTABILITY = YES;
				ENABLE_USER_SCRIPT_SANDBOXING = YES;
				GCC_C_LANGUAGE_STANDARD = gnu17;
				GCC_DYNAMIC_NO_PIC = NO;
				GCC_NO_COMMON_BLOCKS = YES;
				GCC_OPTIMIZATION_LEVEL = 0;
				GCC_PREPROCESSOR_DEFINITIONS = (
					"DEBUG=1",
					"$(inherited)",
				);
				GCC_WARN_64_TO_32_BIT_CONVERSION = YES;
				GCC_WARN_ABOUT_RETURN_TYPE = YES_ERROR;
				GCC_WARN_UNDECLARED_SELECTOR = YES;
				GCC_WARN_UNINITIALIZED_AUTOS = YES_AGGRESSIVE;
				GCC_WARN_UNUSED_FUNCTION = YES;
				GCC_WARN_UNUSED_VARIABLE = YES;
				LOCALIZATION_PREFERS_STRING_CATALOGS = YES;
				MTL_ENABLE_DEBUG_INFO = INCLUDE_SOURCE;
				MTL_FAST_MATH = YES;
				ONLY_ACTIVE_ARCH = YES;
				SWIFT_ACTIVE_COMPILATION_CONDITIONS = "DEBUG $(inherited)";
				SWIFT_OPTIMIZATION_LEVEL = "-Onone";
			};
			name = Debug;
		};
		D95C8C3E2B73ECC6004C6929 /* Release */ = {
			isa = XCBuildConfiguration;
			buildSettings = {
				ALWAYS_SEARCH_USER_PATHS = NO;
				ASSETCATALOG_COMPILER_GENERATE_SWIFT_ASSET_SYMBOL_EXTENSIONS = YES;
				CLANG_ANALYZER_NONNULL = YES;
				CLANG_ANALYZER_NUMBER_OBJECT_CONVERSION = YES_AGGRESSIVE;
				CLANG_CXX_LANGUAGE_STANDARD = "gnu++20";
				CLANG_ENABLE_MODULES = YES;
				CLANG_ENABLE_OBJC_ARC = YES;
				CLANG_ENABLE_OBJC_WEAK = YES;
				CLANG_WARN_BLOCK_CAPTURE_AUTORELEASING = YES;
				CLANG_WARN_BOOL_CONVERSION = YES;
				CLANG_WARN_COMMA = YES;
				CLANG_WARN_CONSTANT_CONVERSION = YES;
				CLANG_WARN_DEPRECATED_OBJC_IMPLEMENTATIONS = YES;
				CLANG_WARN_DIRECT_OBJC_ISA_USAGE = YES_ERROR;
				CLANG_WARN_DOCUMENTATION_COMMENTS = YES;
				CLANG_WARN_EMPTY_BODY = YES;
				CLANG_WARN_ENUM_CONVERSION = YES;
				CLANG_WARN_INFINITE_RECURSION = YES;
				CLANG_WARN_INT_CONVERSION = YES;
				CLANG_WARN_NON_LITERAL_NULL_CONVERSION = YES;
				CLANG_WARN_OBJC_IMPLICIT_RETAIN_SELF = YES;
				CLANG_WARN_OBJC_LITERAL_CONVERSION = YES;
				CLANG_WARN_OBJC_ROOT_CLASS = YES_ERROR;
				CLANG_WARN_QUOTED_INCLUDE_IN_FRAMEWORK_HEADER = YES;
				CLANG_WARN_RANGE_LOOP_ANALYSIS = YES;
				CLANG_WARN_STRICT_PROTOTYPES = YES;
				CLANG_WARN_SUSPICIOUS_MOVE = YES;
				CLANG_WARN_UNGUARDED_AVAILABILITY = YES_AGGRESSIVE;
				CLANG_WARN_UNREACHABLE_CODE = YES;
				CLANG_WARN__DUPLICATE_METHOD_MATCH = YES;
				COPY_PHASE_STRIP = NO;
				DEBUG_INFORMATION_FORMAT = "dwarf-with-dsym";
				ENABLE_NS_ASSERTIONS = NO;
				ENABLE_STRICT_OBJC_MSGSEND = YES;
				ENABLE_USER_SCRIPT_SANDBOXING = YES;
				GCC_C_LANGUAGE_STANDARD = gnu17;
				GCC_NO_COMMON_BLOCKS = YES;
				GCC_WARN_64_TO_32_BIT_CONVERSION = YES;
				GCC_WARN_ABOUT_RETURN_TYPE = YES_ERROR;
				GCC_WARN_UNDECLARED_SELECTOR = YES;
				GCC_WARN_UNINITIALIZED_AUTOS = YES_AGGRESSIVE;
				GCC_WARN_UNUSED_FUNCTION = YES;
				GCC_WARN_UNUSED_VARIABLE = YES;
				LOCALIZATION_PREFERS_STRING_CATALOGS = YES;
				MTL_ENABLE_DEBUG_INFO = NO;
				MTL_FAST_MATH = YES;
				SWIFT_COMPILATION_MODE = wholemodule;
			};
			name = Release;
		};
		D95C8C402B73ECC6004C6929 /* Debug */ = {
			isa = XCBuildConfiguration;
			buildSettings = {
				ASSETCATALOG_COMPILER_APPICON_NAME = AppIcon;
				ASSETCATALOG_COMPILER_GLOBAL_ACCENT_COLOR_NAME = AccentColor;
				CODE_SIGN_ENTITLEMENTS = Greenhouse/Greenhouse.entitlements;
				CODE_SIGN_STYLE = Automatic;
				CURRENT_PROJECT_VERSION = 1;
				DEVELOPMENT_ASSET_PATHS = "\"Greenhouse/Preview Content\"";
				DEVELOPMENT_TEAM = 4373H7M8Y8;
				ENABLE_HARDENED_RUNTIME = YES;
				ENABLE_PREVIEWS = YES;
				GENERATE_INFOPLIST_FILE = YES;
				INFOPLIST_FILE = Greenhouse/Info.plist;
				"INFOPLIST_KEY_UIApplicationSceneManifest_Generation[sdk=iphoneos*]" = YES;
				"INFOPLIST_KEY_UIApplicationSceneManifest_Generation[sdk=iphonesimulator*]" = YES;
				"INFOPLIST_KEY_UIApplicationSupportsIndirectInputEvents[sdk=iphoneos*]" = YES;
				"INFOPLIST_KEY_UIApplicationSupportsIndirectInputEvents[sdk=iphonesimulator*]" = YES;
				"INFOPLIST_KEY_UILaunchScreen_Generation[sdk=iphoneos*]" = YES;
				"INFOPLIST_KEY_UILaunchScreen_Generation[sdk=iphonesimulator*]" = YES;
				"INFOPLIST_KEY_UIStatusBarStyle[sdk=iphoneos*]" = UIStatusBarStyleDefault;
				"INFOPLIST_KEY_UIStatusBarStyle[sdk=iphonesimulator*]" = UIStatusBarStyleDefault;
				INFOPLIST_KEY_UISupportedInterfaceOrientations_iPad = "UIInterfaceOrientationPortrait UIInterfaceOrientationPortraitUpsideDown UIInterfaceOrientationLandscapeLeft UIInterfaceOrientationLandscapeRight";
				INFOPLIST_KEY_UISupportedInterfaceOrientations_iPhone = "UIInterfaceOrientationPortrait UIInterfaceOrientationLandscapeLeft UIInterfaceOrientationLandscapeRight";
				IPHONEOS_DEPLOYMENT_TARGET = 16.0;
				LD_RUNPATH_SEARCH_PATHS = "@executable_path/Frameworks";
				"LD_RUNPATH_SEARCH_PATHS[sdk=macosx*]" = "@executable_path/../Frameworks";
				MACOSX_DEPLOYMENT_TARGET = 14.0;
				MARKETING_VERSION = 1.0;
				PRODUCT_BUNDLE_IDENTIFIER = SashaGromova.Greenhouse;
				PRODUCT_NAME = "$(TARGET_NAME)";
				SDKROOT = auto;
				SUPPORTED_PLATFORMS = "iphoneos iphonesimulator macosx";
				SWIFT_EMIT_LOC_STRINGS = YES;
				SWIFT_VERSION = 5.0;
				TARGETED_DEVICE_FAMILY = "1,2";
			};
			name = Debug;
		};
		D95C8C412B73ECC6004C6929 /* Release */ = {
			isa = XCBuildConfiguration;
			buildSettings = {
				ASSETCATALOG_COMPILER_APPICON_NAME = AppIcon;
				ASSETCATALOG_COMPILER_GLOBAL_ACCENT_COLOR_NAME = AccentColor;
				CODE_SIGN_ENTITLEMENTS = Greenhouse/Greenhouse.entitlements;
				CODE_SIGN_STYLE = Automatic;
				CURRENT_PROJECT_VERSION = 1;
				DEVELOPMENT_ASSET_PATHS = "\"Greenhouse/Preview Content\"";
				DEVELOPMENT_TEAM = 4373H7M8Y8;
				ENABLE_HARDENED_RUNTIME = YES;
				ENABLE_PREVIEWS = YES;
				GENERATE_INFOPLIST_FILE = YES;
				INFOPLIST_FILE = Greenhouse/Info.plist;
				"INFOPLIST_KEY_UIApplicationSceneManifest_Generation[sdk=iphoneos*]" = YES;
				"INFOPLIST_KEY_UIApplicationSceneManifest_Generation[sdk=iphonesimulator*]" = YES;
				"INFOPLIST_KEY_UIApplicationSupportsIndirectInputEvents[sdk=iphoneos*]" = YES;
				"INFOPLIST_KEY_UIApplicationSupportsIndirectInputEvents[sdk=iphonesimulator*]" = YES;
				"INFOPLIST_KEY_UILaunchScreen_Generation[sdk=iphoneos*]" = YES;
				"INFOPLIST_KEY_UILaunchScreen_Generation[sdk=iphonesimulator*]" = YES;
				"INFOPLIST_KEY_UIStatusBarStyle[sdk=iphoneos*]" = UIStatusBarStyleDefault;
				"INFOPLIST_KEY_UIStatusBarStyle[sdk=iphonesimulator*]" = UIStatusBarStyleDefault;
				INFOPLIST_KEY_UISupportedInterfaceOrientations_iPad = "UIInterfaceOrientationPortrait UIInterfaceOrientationPortraitUpsideDown UIInterfaceOrientationLandscapeLeft UIInterfaceOrientationLandscapeRight";
				INFOPLIST_KEY_UISupportedInterfaceOrientations_iPhone = "UIInterfaceOrientationPortrait UIInterfaceOrientationLandscapeLeft UIInterfaceOrientationLandscapeRight";
				IPHONEOS_DEPLOYMENT_TARGET = 16.0;
				LD_RUNPATH_SEARCH_PATHS = "@executable_path/Frameworks";
				"LD_RUNPATH_SEARCH_PATHS[sdk=macosx*]" = "@executable_path/../Frameworks";
				MACOSX_DEPLOYMENT_TARGET = 14.0;
				MARKETING_VERSION = 1.0;
				PRODUCT_BUNDLE_IDENTIFIER = SashaGromova.Greenhouse;
				PRODUCT_NAME = "$(TARGET_NAME)";
				SDKROOT = auto;
				SUPPORTED_PLATFORMS = "iphoneos iphonesimulator macosx";
				SWIFT_EMIT_LOC_STRINGS = YES;
				SWIFT_VERSION = 5.0;
				TARGETED_DEVICE_FAMILY = "1,2";
			};
			name = Release;
		};
		D95C8C432B73ECC6004C6929 /* Debug */ = {
			isa = XCBuildConfiguration;
			buildSettings = {
				ALWAYS_EMBED_SWIFT_STANDARD_LIBRARIES = YES;
				BUNDLE_LOADER = "$(TEST_HOST)";
				CODE_SIGN_STYLE = Automatic;
				CURRENT_PROJECT_VERSION = 1;
				DEVELOPMENT_TEAM = 4373H7M8Y8;
				GENERATE_INFOPLIST_FILE = YES;
				IPHONEOS_DEPLOYMENT_TARGET = 17.0;
				MACOSX_DEPLOYMENT_TARGET = 14.0;
				MARKETING_VERSION = 1.0;
				PRODUCT_BUNDLE_IDENTIFIER = SashaGromova.GreenhouseTests;
				PRODUCT_NAME = "$(TARGET_NAME)";
				SDKROOT = auto;
				SUPPORTED_PLATFORMS = "iphoneos iphonesimulator macosx";
				SWIFT_EMIT_LOC_STRINGS = NO;
				SWIFT_VERSION = 5.0;
				TARGETED_DEVICE_FAMILY = "1,2";
				TEST_HOST = "$(BUILT_PRODUCTS_DIR)/Greenhouse.app/$(BUNDLE_EXECUTABLE_FOLDER_PATH)/Greenhouse";
			};
			name = Debug;
		};
		D95C8C442B73ECC6004C6929 /* Release */ = {
			isa = XCBuildConfiguration;
			buildSettings = {
				ALWAYS_EMBED_SWIFT_STANDARD_LIBRARIES = YES;
				BUNDLE_LOADER = "$(TEST_HOST)";
				CODE_SIGN_STYLE = Automatic;
				CURRENT_PROJECT_VERSION = 1;
				DEVELOPMENT_TEAM = 4373H7M8Y8;
				GENERATE_INFOPLIST_FILE = YES;
				IPHONEOS_DEPLOYMENT_TARGET = 17.0;
				MACOSX_DEPLOYMENT_TARGET = 14.0;
				MARKETING_VERSION = 1.0;
				PRODUCT_BUNDLE_IDENTIFIER = SashaGromova.GreenhouseTests;
				PRODUCT_NAME = "$(TARGET_NAME)";
				SDKROOT = auto;
				SUPPORTED_PLATFORMS = "iphoneos iphonesimulator macosx";
				SWIFT_EMIT_LOC_STRINGS = NO;
				SWIFT_VERSION = 5.0;
				TARGETED_DEVICE_FAMILY = "1,2";
				TEST_HOST = "$(BUILT_PRODUCTS_DIR)/Greenhouse.app/$(BUNDLE_EXECUTABLE_FOLDER_PATH)/Greenhouse";
			};
			name = Release;
		};
		D95C8C462B73ECC6004C6929 /* Debug */ = {
			isa = XCBuildConfiguration;
			buildSettings = {
				ALWAYS_EMBED_SWIFT_STANDARD_LIBRARIES = YES;
				CODE_SIGN_STYLE = Automatic;
				CURRENT_PROJECT_VERSION = 1;
				DEVELOPMENT_TEAM = 4373H7M8Y8;
				GENERATE_INFOPLIST_FILE = YES;
				IPHONEOS_DEPLOYMENT_TARGET = 17.0;
				MACOSX_DEPLOYMENT_TARGET = 14.0;
				MARKETING_VERSION = 1.0;
				PRODUCT_BUNDLE_IDENTIFIER = SashaGromova.GreenhouseUITests;
				PRODUCT_NAME = "$(TARGET_NAME)";
				SDKROOT = auto;
				SUPPORTED_PLATFORMS = "iphoneos iphonesimulator macosx";
				SWIFT_EMIT_LOC_STRINGS = NO;
				SWIFT_VERSION = 5.0;
				TARGETED_DEVICE_FAMILY = "1,2";
				TEST_TARGET_NAME = Greenhouse;
			};
			name = Debug;
		};
		D95C8C472B73ECC6004C6929 /* Release */ = {
			isa = XCBuildConfiguration;
			buildSettings = {
				ALWAYS_EMBED_SWIFT_STANDARD_LIBRARIES = YES;
				CODE_SIGN_STYLE = Automatic;
				CURRENT_PROJECT_VERSION = 1;
				DEVELOPMENT_TEAM = 4373H7M8Y8;
				GENERATE_INFOPLIST_FILE = YES;
				IPHONEOS_DEPLOYMENT_TARGET = 17.0;
				MACOSX_DEPLOYMENT_TARGET = 14.0;
				MARKETING_VERSION = 1.0;
				PRODUCT_BUNDLE_IDENTIFIER = SashaGromova.GreenhouseUITests;
				PRODUCT_NAME = "$(TARGET_NAME)";
				SDKROOT = auto;
				SUPPORTED_PLATFORMS = "iphoneos iphonesimulator macosx";
				SWIFT_EMIT_LOC_STRINGS = NO;
				SWIFT_VERSION = 5.0;
				TARGETED_DEVICE_FAMILY = "1,2";
				TEST_TARGET_NAME = Greenhouse;
			};
			name = Release;
		};
/* End XCBuildConfiguration section */

/* Begin XCConfigurationList section */
		D95C8C152B73ECC3004C6929 /* Build configuration list for PBXProject "Greenhouse" */ = {
			isa = XCConfigurationList;
			buildConfigurations = (
				D95C8C3D2B73ECC6004C6929 /* Debug */,
				D95C8C3E2B73ECC6004C6929 /* Release */,
			);
			defaultConfigurationIsVisible = 0;
			defaultConfigurationName = Release;
		};
		D95C8C3F2B73ECC6004C6929 /* Build configuration list for PBXNativeTarget "Greenhouse" */ = {
			isa = XCConfigurationList;
			buildConfigurations = (
				D95C8C402B73ECC6004C6929 /* Debug */,
				D95C8C412B73ECC6004C6929 /* Release */,
			);
			defaultConfigurationIsVisible = 0;
			defaultConfigurationName = Release;
		};
		D95C8C422B73ECC6004C6929 /* Build configuration list for PBXNativeTarget "GreenhouseTests" */ = {
			isa = XCConfigurationList;
			buildConfigurations = (
				D95C8C432B73ECC6004C6929 /* Debug */,
				D95C8C442B73ECC6004C6929 /* Release */,
			);
			defaultConfigurationIsVisible = 0;
			defaultConfigurationName = Release;
		};
		D95C8C452B73ECC6004C6929 /* Build configuration list for PBXNativeTarget "GreenhouseUITests" */ = {
			isa = XCConfigurationList;
			buildConfigurations = (
				D95C8C462B73ECC6004C6929 /* Debug */,
				D95C8C472B73ECC6004C6929 /* Release */,
			);
			defaultConfigurationIsVisible = 0;
			defaultConfigurationName = Release;
		};
/* End XCConfigurationList section */

/* Begin XCRemoteSwiftPackageReference section */
		D9091B1A2B76EF0F00F0ADCF /* XCRemoteSwiftPackageReference "realm-swift" */ = {
			isa = XCRemoteSwiftPackageReference;
			repositoryURL = "https://github.com/realm/realm-swift";
			requirement = {
				branch = master;
				kind = branch;
			};
		};
		D9135E5B2B76B30F00CBD622 /* XCRemoteSwiftPackageReference "Swinject" */ = {
			isa = XCRemoteSwiftPackageReference;
			repositoryURL = "https://github.com/Swinject/Swinject.git";
			requirement = {
				kind = upToNextMajorVersion;
				minimumVersion = 2.8.4;
			};
		};
		D95C8C592B754DF0004C6929 /* XCRemoteSwiftPackageReference "Alamofire" */ = {
			isa = XCRemoteSwiftPackageReference;
			repositoryURL = "https://github.com/Alamofire/Alamofire.git";
			requirement = {
				kind = upToNextMajorVersion;
				minimumVersion = 5.8.1;
			};
		};
/* End XCRemoteSwiftPackageReference section */

/* Begin XCSwiftPackageProductDependency section */
		D9091B142B76B90800F0ADCF /* Swinject */ = {
			isa = XCSwiftPackageProductDependency;
			package = D9135E5B2B76B30F00CBD622 /* XCRemoteSwiftPackageReference "Swinject" */;
			productName = Swinject;
		};
		D9091B1B2B76EF3000F0ADCF /* Realm */ = {
			isa = XCSwiftPackageProductDependency;
			package = D9091B1A2B76EF0F00F0ADCF /* XCRemoteSwiftPackageReference "realm-swift" */;
			productName = Realm;
		};
		D9091B1F2B7A47F500F0ADCF /* RealmSwift */ = {
			isa = XCSwiftPackageProductDependency;
			package = D9091B1A2B76EF0F00F0ADCF /* XCRemoteSwiftPackageReference "realm-swift" */;
			productName = RealmSwift;
		};
		D95C8C5A2B754DF0004C6929 /* Alamofire */ = {
			isa = XCSwiftPackageProductDependency;
			package = D95C8C592B754DF0004C6929 /* XCRemoteSwiftPackageReference "Alamofire" */;
			productName = Alamofire;
		};
/* End XCSwiftPackageProductDependency section */
	};
	rootObject = D95C8C122B73ECC3004C6929 /* Project object */;
}
